PODS:
  - Bugly (2.5.0)
  - Masonry (1.1.0)
  - RTMeetEngine (3.0.0)
  - SVProgressHUD (2.2.5)

DEPENDENCIES:
  - Bugly
  - Masonry
  - RTMeetEngine (~> 3.0.0)
  - SVProgressHUD (~> 2.2.5)

SPEC REPOS:
  https://github.com/cocoapods/specs.git:
    - Bugly
    - Masonry
    - RTMeetEngine
    - SVProgressHUD

SPEC CHECKSUMS:
  Bugly: 3ca9f255c01025582df26f9222893b383c7e4b4e
  Masonry: 678fab65091a9290e40e2832a55e7ab731aad201
  RTMeetEngine: 652ae9b10621b5429e4230c45205cd554e93cc54
  SVProgressHUD: 1428aafac632c1f86f62aa4243ec12008d7a51d6

PODFILE CHECKSUM: 4980c5bd40b5873594a823118da0f0bee1ea29a8

COCOAPODS: 1.6.1
