// !$*UTF8*$!
{
	archiveVersion = 1;
	classes = {
	};
	objectVersion = 48;
	objects = {

/* Begin PBXBuildFile section */
		6318CC1E1F9A092B0014A927 /* Images.xcassets in Resources */ = {isa = PBXBuildFile; fileRef = 6318CC1D1F9A092B0014A927 /* Images.xcassets */; };
		632A258A1F8F731B00D51A5D /* AppDelegate.m in Sources */ = {isa = PBXBuildFile; fileRef = 632A25891F8F731B00D51A5D /* AppDelegate.m */; };
		632A25901F8F731B00D51A5D /* Main.storyboard in Resources */ = {isa = PBXBuildFile; fileRef = 632A258E1F8F731B00D51A5D /* Main.storyboard */; };
		632A25921F8F731B00D51A5D /* Assets.xcassets in Resources */ = {isa = PBXBuildFile; fileRef = 632A25911F8F731B00D51A5D /* Assets.xcassets */; };
		632A25981F8F731B00D51A5D /* main.m in Sources */ = {isa = PBXBuildFile; fileRef = 632A25971F8F731B00D51A5D /* main.m */; };
		632A25A21F8F731B00D51A5D /* RTCMeetingTests.m in Sources */ = {isa = PBXBuildFile; fileRef = 632A25A11F8F731B00D51A5D /* RTCMeetingTests.m */; };
		632A25AD1F8F731B00D51A5D /* RTCMeetingUITests.m in Sources */ = {isa = PBXBuildFile; fileRef = 632A25AC1F8F731B00D51A5D /* RTCMeetingUITests.m */; };
		632D9F881F944C9C003B3ABC /* ATVideoView.m in Sources */ = {isa = PBXBuildFile; fileRef = 632D9F871F944C9C003B3ABC /* ATVideoView.m */; };
		632D9F8A1F944CAC003B3ABC /* ATVideoView.xib in Resources */ = {isa = PBXBuildFile; fileRef = 632D9F891F944CAC003B3ABC /* ATVideoView.xib */; };
		632E025F1F9891DB00C10BFE /* ATAudioViewController.m in Sources */ = {isa = PBXBuildFile; fileRef = 632E02591F98904400C10BFE /* ATAudioViewController.m */; };
		632E02601F9891E300C10BFE /* ATVideosViewController.m in Sources */ = {isa = PBXBuildFile; fileRef = 632E025C1F98904400C10BFE /* ATVideosViewController.m */; };
		632E02611F9891F400C10BFE /* ATVideoViewController.m in Sources */ = {isa = PBXBuildFile; fileRef = 632E025E1F98904400C10BFE /* ATVideoViewController.m */; };
		639350C71F90587F0093177B /* BaseNavigationViewController.m in Sources */ = {isa = PBXBuildFile; fileRef = 639350C51F90587F0093177B /* BaseNavigationViewController.m */; };
		639350CA1F9058EA0093177B /* ATMainViewController.m in Sources */ = {isa = PBXBuildFile; fileRef = 639350C91F9058EA0093177B /* ATMainViewController.m */; };
		639F9EC11F90618D005AEFB9 /* ATCommon.m in Sources */ = {isa = PBXBuildFile; fileRef = 630A50001F8F7493001D19E8 /* ATCommon.m */; };
		639F9EC41F906251005AEFB9 /* ATHallViewController.m in Sources */ = {isa = PBXBuildFile; fileRef = 639F9EC31F906251005AEFB9 /* ATHallViewController.m */; };
		639F9EC71F906261005AEFB9 /* ATStartViewController.m in Sources */ = {isa = PBXBuildFile; fileRef = 639F9EC61F906261005AEFB9 /* ATStartViewController.m */; };
		63C7EFCF1F9608CB007B7347 /* ATVoiceView.m in Sources */ = {isa = PBXBuildFile; fileRef = 63C7EFCE1F9608CB007B7347 /* ATVoiceView.m */; };
		63C7EFD11F9608D4007B7347 /* ATVoiceView.xib in Resources */ = {isa = PBXBuildFile; fileRef = 63C7EFD01F9608D4007B7347 /* ATVoiceView.xib */; };
		B473BC1C078DF493542E5396 /* libPods-RTCMeeting.a in Frameworks */ = {isa = PBXBuildFile; fileRef = 51229EB4F6781C2BE94D72B5 /* libPods-RTCMeeting.a */; };
/* End PBXBuildFile section */

/* Begin PBXContainerItemProxy section */
		632A259E1F8F731B00D51A5D /* PBXContainerItemProxy */ = {
			isa = PBXContainerItemProxy;
			containerPortal = 632A257D1F8F731B00D51A5D /* Project object */;
			proxyType = 1;
			remoteGlobalIDString = 632A25841F8F731B00D51A5D;
			remoteInfo = RTCMeeting;
		};
		632A25A91F8F731B00D51A5D /* PBXContainerItemProxy */ = {
			isa = PBXContainerItemProxy;
			containerPortal = 632A257D1F8F731B00D51A5D /* Project object */;
			proxyType = 1;
			remoteGlobalIDString = 632A25841F8F731B00D51A5D;
			remoteInfo = RTCMeeting;
		};
/* End PBXContainerItemProxy section */

/* Begin PBXCopyFilesBuildPhase section */
		639350C41F9055BF0093177B /* Embed Frameworks */ = {
			isa = PBXCopyFilesBuildPhase;
			buildActionMask = 2147483647;
			dstPath = "";
			dstSubfolderSpec = 10;
			files = (
			);
			name = "Embed Frameworks";
			runOnlyForDeploymentPostprocessing = 0;
		};
/* End PBXCopyFilesBuildPhase section */

/* Begin PBXFileReference section */
		0492F7D61B91E1EFB43DF891 /* Pods-RTCMeeting.debug.xcconfig */ = {isa = PBXFileReference; includeInIndex = 1; lastKnownFileType = text.xcconfig; name = "Pods-RTCMeeting.debug.xcconfig"; path = "Pods/Target Support Files/Pods-RTCMeeting/Pods-RTCMeeting.debug.xcconfig"; sourceTree = "<group>"; };
		43735C0D06248A0DAD498556 /* Pods-RTCMeeting.release.xcconfig */ = {isa = PBXFileReference; includeInIndex = 1; lastKnownFileType = text.xcconfig; name = "Pods-RTCMeeting.release.xcconfig"; path = "Pods/Target Support Files/Pods-RTCMeeting/Pods-RTCMeeting.release.xcconfig"; sourceTree = "<group>"; };
		51229EB4F6781C2BE94D72B5 /* libPods-RTCMeeting.a */ = {isa = PBXFileReference; explicitFileType = archive.ar; includeInIndex = 0; path = "libPods-RTCMeeting.a"; sourceTree = BUILT_PRODUCTS_DIR; };
		630A50001F8F7493001D19E8 /* ATCommon.m */ = {isa = PBXFileReference; lastKnownFileType = sourcecode.c.objc; path = ATCommon.m; sourceTree = "<group>"; };
		630A50011F8F7493001D19E8 /* ATCommon.h */ = {isa = PBXFileReference; lastKnownFileType = sourcecode.c.h; path = ATCommon.h; sourceTree = "<group>"; };
		630A50021F8F74BE001D19E8 /* RTCMeeting.pch */ = {isa = PBXFileReference; lastKnownFileType = sourcecode.c.h; path = RTCMeeting.pch; sourceTree = "<group>"; };
		6318CC1D1F9A092B0014A927 /* Images.xcassets */ = {isa = PBXFileReference; lastKnownFileType = folder.assetcatalog; path = Images.xcassets; sourceTree = "<group>"; };
		632A25851F8F731B00D51A5D /* RTCMeeting.app */ = {isa = PBXFileReference; explicitFileType = wrapper.application; includeInIndex = 0; path = RTCMeeting.app; sourceTree = BUILT_PRODUCTS_DIR; };
		632A25881F8F731B00D51A5D /* AppDelegate.h */ = {isa = PBXFileReference; lastKnownFileType = sourcecode.c.h; path = AppDelegate.h; sourceTree = "<group>"; };
		632A25891F8F731B00D51A5D /* AppDelegate.m */ = {isa = PBXFileReference; lastKnownFileType = sourcecode.c.objc; path = AppDelegate.m; sourceTree = "<group>"; };
		632A258F1F8F731B00D51A5D /* Base */ = {isa = PBXFileReference; lastKnownFileType = file.storyboard; name = Base; path = Base.lproj/Main.storyboard; sourceTree = "<group>"; };
		632A25911F8F731B00D51A5D /* Assets.xcassets */ = {isa = PBXFileReference; lastKnownFileType = folder.assetcatalog; path = Assets.xcassets; sourceTree = "<group>"; };
		632A25961F8F731B00D51A5D /* Info.plist */ = {isa = PBXFileReference; lastKnownFileType = text.plist.xml; path = Info.plist; sourceTree = "<group>"; };
		632A25971F8F731B00D51A5D /* main.m */ = {isa = PBXFileReference; lastKnownFileType = sourcecode.c.objc; path = main.m; sourceTree = "<group>"; };
		632A259D1F8F731B00D51A5D /* RTCMeetingTests.xctest */ = {isa = PBXFileReference; explicitFileType = wrapper.cfbundle; includeInIndex = 0; path = RTCMeetingTests.xctest; sourceTree = BUILT_PRODUCTS_DIR; };
		632A25A11F8F731B00D51A5D /* RTCMeetingTests.m */ = {isa = PBXFileReference; lastKnownFileType = sourcecode.c.objc; path = RTCMeetingTests.m; sourceTree = "<group>"; };
		632A25A31F8F731B00D51A5D /* Info.plist */ = {isa = PBXFileReference; lastKnownFileType = text.plist.xml; path = Info.plist; sourceTree = "<group>"; };
		632A25A81F8F731B00D51A5D /* RTCMeetingUITests.xctest */ = {isa = PBXFileReference; explicitFileType = wrapper.cfbundle; includeInIndex = 0; path = RTCMeetingUITests.xctest; sourceTree = BUILT_PRODUCTS_DIR; };
		632A25AC1F8F731B00D51A5D /* RTCMeetingUITests.m */ = {isa = PBXFileReference; lastKnownFileType = sourcecode.c.objc; path = RTCMeetingUITests.m; sourceTree = "<group>"; };
		632A25AE1F8F731B00D51A5D /* Info.plist */ = {isa = PBXFileReference; lastKnownFileType = text.plist.xml; path = Info.plist; sourceTree = "<group>"; };
		632D9F861F944C9C003B3ABC /* ATVideoView.h */ = {isa = PBXFileReference; lastKnownFileType = sourcecode.c.h; path = ATVideoView.h; sourceTree = "<group>"; };
		632D9F871F944C9C003B3ABC /* ATVideoView.m */ = {isa = PBXFileReference; lastKnownFileType = sourcecode.c.objc; path = ATVideoView.m; sourceTree = "<group>"; };
		632D9F891F944CAC003B3ABC /* ATVideoView.xib */ = {isa = PBXFileReference; lastKnownFileType = file.xib; path = ATVideoView.xib; sourceTree = "<group>"; };
		632E02581F98904400C10BFE /* ATAudioViewController.h */ = {isa = PBXFileReference; lastKnownFileType = sourcecode.c.h; path = ATAudioViewController.h; sourceTree = "<group>"; };
		632E02591F98904400C10BFE /* ATAudioViewController.m */ = {isa = PBXFileReference; lastKnownFileType = sourcecode.c.objc; path = ATAudioViewController.m; sourceTree = "<group>"; };
		632E025B1F98904400C10BFE /* ATVideosViewController.h */ = {isa = PBXFileReference; lastKnownFileType = sourcecode.c.h; path = ATVideosViewController.h; sourceTree = "<group>"; };
		632E025C1F98904400C10BFE /* ATVideosViewController.m */ = {isa = PBXFileReference; lastKnownFileType = sourcecode.c.objc; path = ATVideosViewController.m; sourceTree = "<group>"; };
		632E025D1F98904400C10BFE /* ATVideoViewController.h */ = {isa = PBXFileReference; lastKnownFileType = sourcecode.c.h; path = ATVideoViewController.h; sourceTree = "<group>"; };
		632E025E1F98904400C10BFE /* ATVideoViewController.m */ = {isa = PBXFileReference; lastKnownFileType = sourcecode.c.objc; path = ATVideoViewController.m; sourceTree = "<group>"; };
		636B29161FA178D600B8C941 /* RTCMeeting.entitlements */ = {isa = PBXFileReference; lastKnownFileType = text.plist.entitlements; path = RTCMeeting.entitlements; sourceTree = "<group>"; };
		639350C51F90587F0093177B /* BaseNavigationViewController.m */ = {isa = PBXFileReference; lastKnownFileType = sourcecode.c.objc; path = BaseNavigationViewController.m; sourceTree = "<group>"; };
		639350C61F90587F0093177B /* BaseNavigationViewController.h */ = {isa = PBXFileReference; lastKnownFileType = sourcecode.c.h; path = BaseNavigationViewController.h; sourceTree = "<group>"; };
		639350C81F9058EA0093177B /* ATMainViewController.h */ = {isa = PBXFileReference; lastKnownFileType = sourcecode.c.h; path = ATMainViewController.h; sourceTree = "<group>"; };
		639350C91F9058EA0093177B /* ATMainViewController.m */ = {isa = PBXFileReference; lastKnownFileType = sourcecode.c.objc; path = ATMainViewController.m; sourceTree = "<group>"; };
		639F9EC21F906251005AEFB9 /* ATHallViewController.h */ = {isa = PBXFileReference; lastKnownFileType = sourcecode.c.h; path = ATHallViewController.h; sourceTree = "<group>"; };
		639F9EC31F906251005AEFB9 /* ATHallViewController.m */ = {isa = PBXFileReference; lastKnownFileType = sourcecode.c.objc; path = ATHallViewController.m; sourceTree = "<group>"; };
		639F9EC51F906261005AEFB9 /* ATStartViewController.h */ = {isa = PBXFileReference; lastKnownFileType = sourcecode.c.h; path = ATStartViewController.h; sourceTree = "<group>"; };
		639F9EC61F906261005AEFB9 /* ATStartViewController.m */ = {isa = PBXFileReference; lastKnownFileType = sourcecode.c.objc; path = ATStartViewController.m; sourceTree = "<group>"; };
		63C7EFCD1F9608CB007B7347 /* ATVoiceView.h */ = {isa = PBXFileReference; lastKnownFileType = sourcecode.c.h; path = ATVoiceView.h; sourceTree = "<group>"; };
		63C7EFCE1F9608CB007B7347 /* ATVoiceView.m */ = {isa = PBXFileReference; lastKnownFileType = sourcecode.c.objc; path = ATVoiceView.m; sourceTree = "<group>"; };
		63C7EFD01F9608D4007B7347 /* ATVoiceView.xib */ = {isa = PBXFileReference; lastKnownFileType = file.xib; path = ATVoiceView.xib; sourceTree = "<group>"; };
/* End PBXFileReference section */

/* Begin PBXFrameworksBuildPhase section */
		632A25821F8F731B00D51A5D /* Frameworks */ = {
			isa = PBXFrameworksBuildPhase;
			buildActionMask = 2147483647;
			files = (
				B473BC1C078DF493542E5396 /* libPods-RTCMeeting.a in Frameworks */,
			);
			runOnlyForDeploymentPostprocessing = 0;
		};
		632A259A1F8F731B00D51A5D /* Frameworks */ = {
			isa = PBXFrameworksBuildPhase;
			buildActionMask = 2147483647;
			files = (
			);
			runOnlyForDeploymentPostprocessing = 0;
		};
		632A25A51F8F731B00D51A5D /* Frameworks */ = {
			isa = PBXFrameworksBuildPhase;
			buildActionMask = 2147483647;
			files = (
			);
			runOnlyForDeploymentPostprocessing = 0;
		};
/* End PBXFrameworksBuildPhase section */

/* Begin PBXGroup section */
		630A4FFD1F8F7431001D19E8 /* Public */ = {
			isa = PBXGroup;
			children = (
				632D9F861F944C9C003B3ABC /* ATVideoView.h */,
				632D9F871F944C9C003B3ABC /* ATVideoView.m */,
				632D9F891F944CAC003B3ABC /* ATVideoView.xib */,
				63C7EFCD1F9608CB007B7347 /* ATVoiceView.h */,
				63C7EFCE1F9608CB007B7347 /* ATVoiceView.m */,
				63C7EFD01F9608D4007B7347 /* ATVoiceView.xib */,
			);
			path = Public;
			sourceTree = "<group>";
		};
		630A4FFE1F8F7436001D19E8 /* Main */ = {
			isa = PBXGroup;
			children = (
				639350C81F9058EA0093177B /* ATMainViewController.h */,
				639350C91F9058EA0093177B /* ATMainViewController.m */,
				639F9EC51F906261005AEFB9 /* ATStartViewController.h */,
				639F9EC61F906261005AEFB9 /* ATStartViewController.m */,
				639F9EC21F906251005AEFB9 /* ATHallViewController.h */,
				639F9EC31F906251005AEFB9 /* ATHallViewController.m */,
			);
			path = Main;
			sourceTree = "<group>";
		};
		630A4FFF1F8F7440001D19E8 /* Helpers */ = {
			isa = PBXGroup;
			children = (
				630A50011F8F7493001D19E8 /* ATCommon.h */,
				630A50001F8F7493001D19E8 /* ATCommon.m */,
			);
			path = Helpers;
			sourceTree = "<group>";
		};
		632A257C1F8F731B00D51A5D = {
			isa = PBXGroup;
			children = (
				632A25871F8F731B00D51A5D /* RTCMeeting */,
				632A25A01F8F731B00D51A5D /* RTCMeetingTests */,
				632A25AB1F8F731B00D51A5D /* RTCMeetingUITests */,
				632A25861F8F731B00D51A5D /* Products */,
				A9E895B1ED46B974AA104B8E /* Pods */,
				FE8C40590FD7A9D9B9BBE243 /* Frameworks */,
			);
			sourceTree = "<group>";
		};
		632A25861F8F731B00D51A5D /* Products */ = {
			isa = PBXGroup;
			children = (
				632A25851F8F731B00D51A5D /* RTCMeeting.app */,
				632A259D1F8F731B00D51A5D /* RTCMeetingTests.xctest */,
				632A25A81F8F731B00D51A5D /* RTCMeetingUITests.xctest */,
			);
			name = Products;
			sourceTree = "<group>";
		};
		632A25871F8F731B00D51A5D /* RTCMeeting */ = {
			isa = PBXGroup;
			children = (
				636B29161FA178D600B8C941 /* RTCMeeting.entitlements */,
				630A4FFF1F8F7440001D19E8 /* Helpers */,
				630A4FFE1F8F7436001D19E8 /* Main */,
				632E02561F98904400C10BFE /* Room */,
				630A4FFD1F8F7431001D19E8 /* Public */,
				632A25881F8F731B00D51A5D /* AppDelegate.h */,
				632A25891F8F731B00D51A5D /* AppDelegate.m */,
				639350C61F90587F0093177B /* BaseNavigationViewController.h */,
				639350C51F90587F0093177B /* BaseNavigationViewController.m */,
				632A258E1F8F731B00D51A5D /* Main.storyboard */,
				632A25911F8F731B00D51A5D /* Assets.xcassets */,
				632A25961F8F731B00D51A5D /* Info.plist */,
				630A50021F8F74BE001D19E8 /* RTCMeeting.pch */,
				632A25971F8F731B00D51A5D /* main.m */,
				6318CC1D1F9A092B0014A927 /* Images.xcassets */,
			);
			path = RTCMeeting;
			sourceTree = "<group>";
		};
		632A25A01F8F731B00D51A5D /* RTCMeetingTests */ = {
			isa = PBXGroup;
			children = (
				632A25A11F8F731B00D51A5D /* RTCMeetingTests.m */,
				632A25A31F8F731B00D51A5D /* Info.plist */,
			);
			path = RTCMeetingTests;
			sourceTree = "<group>";
		};
		632A25AB1F8F731B00D51A5D /* RTCMeetingUITests */ = {
			isa = PBXGroup;
			children = (
				632A25AC1F8F731B00D51A5D /* RTCMeetingUITests.m */,
				632A25AE1F8F731B00D51A5D /* Info.plist */,
			);
			path = RTCMeetingUITests;
			sourceTree = "<group>";
		};
		632E02561F98904400C10BFE /* Room */ = {
			isa = PBXGroup;
			children = (
				632E025A1F98904400C10BFE /* Video */,
				632E02571F98904400C10BFE /* Audio */,
			);
			path = Room;
			sourceTree = "<group>";
		};
		632E02571F98904400C10BFE /* Audio */ = {
			isa = PBXGroup;
			children = (
				632E02581F98904400C10BFE /* ATAudioViewController.h */,
				632E02591F98904400C10BFE /* ATAudioViewController.m */,
			);
			path = Audio;
			sourceTree = "<group>";
		};
		632E025A1F98904400C10BFE /* Video */ = {
			isa = PBXGroup;
			children = (
				632E025D1F98904400C10BFE /* ATVideoViewController.h */,
				632E025E1F98904400C10BFE /* ATVideoViewController.m */,
				632E025B1F98904400C10BFE /* ATVideosViewController.h */,
				632E025C1F98904400C10BFE /* ATVideosViewController.m */,
			);
			path = Video;
			sourceTree = "<group>";
		};
		A9E895B1ED46B974AA104B8E /* Pods */ = {
			isa = PBXGroup;
			children = (
				0492F7D61B91E1EFB43DF891 /* Pods-RTCMeeting.debug.xcconfig */,
				43735C0D06248A0DAD498556 /* Pods-RTCMeeting.release.xcconfig */,
			);
			name = Pods;
			sourceTree = "<group>";
		};
		FE8C40590FD7A9D9B9BBE243 /* Frameworks */ = {
			isa = PBXGroup;
			children = (
				51229EB4F6781C2BE94D72B5 /* libPods-RTCMeeting.a */,
			);
			name = Frameworks;
			sourceTree = "<group>";
		};
/* End PBXGroup section */

/* Begin PBXNativeTarget section */
		632A25841F8F731B00D51A5D /* RTCMeeting */ = {
			isa = PBXNativeTarget;
			buildConfigurationList = 632A25B11F8F731B00D51A5D /* Build configuration list for PBXNativeTarget "RTCMeeting" */;
			buildPhases = (
				1284A45420A20A503CCB553D /* [CP] Check Pods Manifest.lock */,
				632A25811F8F731B00D51A5D /* Sources */,
				632A25821F8F731B00D51A5D /* Frameworks */,
				632A25831F8F731B00D51A5D /* Resources */,
				8147C02B880B75677CA59790 /* [CP] Embed Pods Frameworks */,
				639350C41F9055BF0093177B /* Embed Frameworks */,
			);
			buildRules = (
			);
			dependencies = (
			);
			name = RTCMeeting;
			productName = RTCMeeting;
			productReference = 632A25851F8F731B00D51A5D /* RTCMeeting.app */;
			productType = "com.apple.product-type.application";
		};
		632A259C1F8F731B00D51A5D /* RTCMeetingTests */ = {
			isa = PBXNativeTarget;
			buildConfigurationList = 632A25B41F8F731B00D51A5D /* Build configuration list for PBXNativeTarget "RTCMeetingTests" */;
			buildPhases = (
				632A25991F8F731B00D51A5D /* Sources */,
				632A259A1F8F731B00D51A5D /* Frameworks */,
				632A259B1F8F731B00D51A5D /* Resources */,
			);
			buildRules = (
			);
			dependencies = (
				632A259F1F8F731B00D51A5D /* PBXTargetDependency */,
			);
			name = RTCMeetingTests;
			productName = RTCMeetingTests;
			productReference = 632A259D1F8F731B00D51A5D /* RTCMeetingTests.xctest */;
			productType = "com.apple.product-type.bundle.unit-test";
		};
		632A25A71F8F731B00D51A5D /* RTCMeetingUITests */ = {
			isa = PBXNativeTarget;
			buildConfigurationList = 632A25B71F8F731B00D51A5D /* Build configuration list for PBXNativeTarget "RTCMeetingUITests" */;
			buildPhases = (
				632A25A41F8F731B00D51A5D /* Sources */,
				632A25A51F8F731B00D51A5D /* Frameworks */,
				632A25A61F8F731B00D51A5D /* Resources */,
			);
			buildRules = (
			);
			dependencies = (
				632A25AA1F8F731B00D51A5D /* PBXTargetDependency */,
			);
			name = RTCMeetingUITests;
			productName = RTCMeetingUITests;
			productReference = 632A25A81F8F731B00D51A5D /* RTCMeetingUITests.xctest */;
			productType = "com.apple.product-type.bundle.ui-testing";
		};
/* End PBXNativeTarget section */

/* Begin PBXProject section */
		632A257D1F8F731B00D51A5D /* Project object */ = {
			isa = PBXProject;
			attributes = {
				LastUpgradeCheck = 0920;
				ORGANIZATIONNAME = jh;
				TargetAttributes = {
					632A25841F8F731B00D51A5D = {
						CreatedOnToolsVersion = 9.0;
						ProvisioningStyle = Automatic;
						SystemCapabilities = {
							com.apple.BackgroundModes = {
								enabled = 0;
							};
							com.apple.InAppPurchase = {
								enabled = 0;
							};
							com.apple.Push = {
								enabled = 0;
							};
						};
					};
					632A259C1F8F731B00D51A5D = {
						CreatedOnToolsVersion = 9.0;
						ProvisioningStyle = Automatic;
						TestTargetID = 632A25841F8F731B00D51A5D;
					};
					632A25A71F8F731B00D51A5D = {
						CreatedOnToolsVersion = 9.0;
						ProvisioningStyle = Automatic;
						TestTargetID = 632A25841F8F731B00D51A5D;
					};
				};
			};
			buildConfigurationList = 632A25801F8F731B00D51A5D /* Build configuration list for PBXProject "RTCMeeting" */;
			compatibilityVersion = "Xcode 8.0";
			developmentRegion = en;
			hasScannedForEncodings = 0;
			knownRegions = (
				en,
				Base,
			);
			mainGroup = 632A257C1F8F731B00D51A5D;
			productRefGroup = 632A25861F8F731B00D51A5D /* Products */;
			projectDirPath = "";
			projectRoot = "";
			targets = (
				632A25841F8F731B00D51A5D /* RTCMeeting */,
				632A259C1F8F731B00D51A5D /* RTCMeetingTests */,
				632A25A71F8F731B00D51A5D /* RTCMeetingUITests */,
			);
		};
/* End PBXProject section */

/* Begin PBXResourcesBuildPhase section */
		632A25831F8F731B00D51A5D /* Resources */ = {
			isa = PBXResourcesBuildPhase;
			buildActionMask = 2147483647;
			files = (
				632A25921F8F731B00D51A5D /* Assets.xcassets in Resources */,
				632A25901F8F731B00D51A5D /* Main.storyboard in Resources */,
				6318CC1E1F9A092B0014A927 /* Images.xcassets in Resources */,
				63C7EFD11F9608D4007B7347 /* ATVoiceView.xib in Resources */,
				632D9F8A1F944CAC003B3ABC /* ATVideoView.xib in Resources */,
			);
			runOnlyForDeploymentPostprocessing = 0;
		};
		632A259B1F8F731B00D51A5D /* Resources */ = {
			isa = PBXResourcesBuildPhase;
			buildActionMask = 2147483647;
			files = (
			);
			runOnlyForDeploymentPostprocessing = 0;
		};
		632A25A61F8F731B00D51A5D /* Resources */ = {
			isa = PBXResourcesBuildPhase;
			buildActionMask = 2147483647;
			files = (
			);
			runOnlyForDeploymentPostprocessing = 0;
		};
/* End PBXResourcesBuildPhase section */

/* Begin PBXShellScriptBuildPhase section */
		1284A45420A20A503CCB553D /* [CP] Check Pods Manifest.lock */ = {
			isa = PBXShellScriptBuildPhase;
			buildActionMask = 2147483647;
			files = (
			);
			inputPaths = (
				"${PODS_PODFILE_DIR_PATH}/Podfile.lock",
				"${PODS_ROOT}/Manifest.lock",
			);
			name = "[CP] Check Pods Manifest.lock";
			outputPaths = (
				"$(DERIVED_FILE_DIR)/Pods-RTCMeeting-checkManifestLockResult.txt",
			);
			runOnlyForDeploymentPostprocessing = 0;
			shellPath = /bin/sh;
			shellScript = "diff \"${PODS_PODFILE_DIR_PATH}/Podfile.lock\" \"${PODS_ROOT}/Manifest.lock\" > /dev/null\nif [ $? != 0 ] ; then\n    # print error to STDERR\n    echo \"error: The sandbox is not in sync with the Podfile.lock. Run 'pod install' or update your CocoaPods installation.\" >&2\n    exit 1\nfi\n# This output is used by Xcode 'outputs' to avoid re-running this script phase.\necho \"SUCCESS\" > \"${SCRIPT_OUTPUT_FILE_0}\"\n";
			showEnvVarsInLog = 0;
		};
		8147C02B880B75677CA59790 /* [CP] Embed Pods Frameworks */ = {
			isa = PBXShellScriptBuildPhase;
			buildActionMask = 2147483647;
			files = (
			);
			inputPaths = (
				"${SRCROOT}/Pods/Target Support Files/Pods-RTCMeeting/Pods-RTCMeeting-frameworks.sh",
				"${PODS_ROOT}/RTMeetEngine/RTMeetEngine/RTMeetEngine.framework",
			);
			name = "[CP] Embed Pods Frameworks";
			outputPaths = (
				"${TARGET_BUILD_DIR}/${FRAMEWORKS_FOLDER_PATH}/RTMeetEngine.framework",
			);
			runOnlyForDeploymentPostprocessing = 0;
			shellPath = /bin/sh;
			shellScript = "\"${SRCROOT}/Pods/Target Support Files/Pods-RTCMeeting/Pods-RTCMeeting-frameworks.sh\"\n";
			showEnvVarsInLog = 0;
		};
/* End PBXShellScriptBuildPhase section */

/* Begin PBXSourcesBuildPhase section */
		632A25811F8F731B00D51A5D /* Sources */ = {
			isa = PBXSourcesBuildPhase;
			buildActionMask = 2147483647;
			files = (
				632E02611F9891F400C10BFE /* ATVideoViewController.m in Sources */,
				632E02601F9891E300C10BFE /* ATVideosViewController.m in Sources */,
				632E025F1F9891DB00C10BFE /* ATAudioViewController.m in Sources */,
				632D9F881F944C9C003B3ABC /* ATVideoView.m in Sources */,
				639F9EC11F90618D005AEFB9 /* ATCommon.m in Sources */,
				639F9EC71F906261005AEFB9 /* ATStartViewController.m in Sources */,
				632A25981F8F731B00D51A5D /* main.m in Sources */,
				63C7EFCF1F9608CB007B7347 /* ATVoiceView.m in Sources */,
				639350C71F90587F0093177B /* BaseNavigationViewController.m in Sources */,
				639350CA1F9058EA0093177B /* ATMainViewController.m in Sources */,
				639F9EC41F906251005AEFB9 /* ATHallViewController.m in Sources */,
				632A258A1F8F731B00D51A5D /* AppDelegate.m in Sources */,
			);
			runOnlyForDeploymentPostprocessing = 0;
		};
		632A25991F8F731B00D51A5D /* Sources */ = {
			isa = PBXSourcesBuildPhase;
			buildActionMask = 2147483647;
			files = (
				632A25A21F8F731B00D51A5D /* RTCMeetingTests.m in Sources */,
			);
			runOnlyForDeploymentPostprocessing = 0;
		};
		632A25A41F8F731B00D51A5D /* Sources */ = {
			isa = PBXSourcesBuildPhase;
			buildActionMask = 2147483647;
			files = (
				632A25AD1F8F731B00D51A5D /* RTCMeetingUITests.m in Sources */,
			);
			runOnlyForDeploymentPostprocessing = 0;
		};
/* End PBXSourcesBuildPhase section */

/* Begin PBXTargetDependency section */
		632A259F1F8F731B00D51A5D /* PBXTargetDependency */ = {
			isa = PBXTargetDependency;
			target = 632A25841F8F731B00D51A5D /* RTCMeeting */;
			targetProxy = 632A259E1F8F731B00D51A5D /* PBXContainerItemProxy */;
		};
		632A25AA1F8F731B00D51A5D /* PBXTargetDependency */ = {
			isa = PBXTargetDependency;
			target = 632A25841F8F731B00D51A5D /* RTCMeeting */;
			targetProxy = 632A25A91F8F731B00D51A5D /* PBXContainerItemProxy */;
		};
/* End PBXTargetDependency section */

/* Begin PBXVariantGroup section */
		632A258E1F8F731B00D51A5D /* Main.storyboard */ = {
			isa = PBXVariantGroup;
			children = (
				632A258F1F8F731B00D51A5D /* Base */,
			);
			name = Main.storyboard;
			sourceTree = "<group>";
		};
/* End PBXVariantGroup section */

/* Begin XCBuildConfiguration section */
		632A25AF1F8F731B00D51A5D /* Debug */ = {
			isa = XCBuildConfiguration;
			buildSettings = {
				ALWAYS_SEARCH_USER_PATHS = NO;
				CLANG_ANALYZER_LOCALIZABILITY_NONLOCALIZED = YES;
				CLANG_ANALYZER_NONNULL = YES;
				CLANG_ANALYZER_NUMBER_OBJECT_CONVERSION = YES_AGGRESSIVE;
				CLANG_CXX_LANGUAGE_STANDARD = "gnu++14";
				CLANG_CXX_LIBRARY = "libc++";
				CLANG_ENABLE_MODULES = YES;
				CLANG_ENABLE_OBJC_ARC = YES;
				CLANG_WARN_BLOCK_CAPTURE_AUTORELEASING = YES;
				CLANG_WARN_BOOL_CONVERSION = YES;
				CLANG_WARN_COMMA = YES;
				CLANG_WARN_CONSTANT_CONVERSION = YES;
				CLANG_WARN_DIRECT_OBJC_ISA_USAGE = YES_ERROR;
				CLANG_WARN_DOCUMENTATION_COMMENTS = YES;
				CLANG_WARN_EMPTY_BODY = YES;
				CLANG_WARN_ENUM_CONVERSION = YES;
				CLANG_WARN_INFINITE_RECURSION = YES;
				CLANG_WARN_INT_CONVERSION = YES;
				CLANG_WARN_NON_LITERAL_NULL_CONVERSION = YES;
				CLANG_WARN_OBJC_LITERAL_CONVERSION = YES;
				CLANG_WARN_OBJC_ROOT_CLASS = YES_ERROR;
				CLANG_WARN_RANGE_LOOP_ANALYSIS = YES;
				CLANG_WARN_STRICT_PROTOTYPES = YES;
				CLANG_WARN_SUSPICIOUS_MOVE = YES;
				CLANG_WARN_UNGUARDED_AVAILABILITY = YES_AGGRESSIVE;
				CLANG_WARN_UNREACHABLE_CODE = YES;
				CLANG_WARN__DUPLICATE_METHOD_MATCH = YES;
				CODE_SIGN_IDENTITY = "iPhone Developer";
				COPY_PHASE_STRIP = NO;
				DEBUG_INFORMATION_FORMAT = dwarf;
				ENABLE_STRICT_OBJC_MSGSEND = YES;
				ENABLE_TESTABILITY = YES;
				GCC_C_LANGUAGE_STANDARD = gnu11;
				GCC_DYNAMIC_NO_PIC = NO;
				GCC_NO_COMMON_BLOCKS = YES;
				GCC_OPTIMIZATION_LEVEL = 0;
				GCC_PREPROCESSOR_DEFINITIONS = (
					"DEBUG=1",
					"$(inherited)",
				);
				GCC_WARN_64_TO_32_BIT_CONVERSION = YES;
				GCC_WARN_ABOUT_RETURN_TYPE = YES_ERROR;
				GCC_WARN_UNDECLARED_SELECTOR = YES;
				GCC_WARN_UNINITIALIZED_AUTOS = YES_AGGRESSIVE;
				GCC_WARN_UNUSED_FUNCTION = YES;
				GCC_WARN_UNUSED_VARIABLE = YES;
				IPHONEOS_DEPLOYMENT_TARGET = 11.0;
				MTL_ENABLE_DEBUG_INFO = YES;
				ONLY_ACTIVE_ARCH = YES;
				SDKROOT = iphoneos;
			};
			name = Debug;
		};
		632A25B01F8F731B00D51A5D /* Release */ = {
			isa = XCBuildConfiguration;
			buildSettings = {
				ALWAYS_SEARCH_USER_PATHS = NO;
				CLANG_ANALYZER_LOCALIZABILITY_NONLOCALIZED = YES;
				CLANG_ANALYZER_NONNULL = YES;
				CLANG_ANALYZER_NUMBER_OBJECT_CONVERSION = YES_AGGRESSIVE;
				CLANG_CXX_LANGUAGE_STANDARD = "gnu++14";
				CLANG_CXX_LIBRARY = "libc++";
				CLANG_ENABLE_MODULES = YES;
				CLANG_ENABLE_OBJC_ARC = YES;
				CLANG_WARN_BLOCK_CAPTURE_AUTORELEASING = YES;
				CLANG_WARN_BOOL_CONVERSION = YES;
				CLANG_WARN_COMMA = YES;
				CLANG_WARN_CONSTANT_CONVERSION = YES;
				CLANG_WARN_DIRECT_OBJC_ISA_USAGE = YES_ERROR;
				CLANG_WARN_DOCUMENTATION_COMMENTS = YES;
				CLANG_WARN_EMPTY_BODY = YES;
				CLANG_WARN_ENUM_CONVERSION = YES;
				CLANG_WARN_INFINITE_RECURSION = YES;
				CLANG_WARN_INT_CONVERSION = YES;
				CLANG_WARN_NON_LITERAL_NULL_CONVERSION = YES;
				CLANG_WARN_OBJC_LITERAL_CONVERSION = YES;
				CLANG_WARN_OBJC_ROOT_CLASS = YES_ERROR;
				CLANG_WARN_RANGE_LOOP_ANALYSIS = YES;
				CLANG_WARN_STRICT_PROTOTYPES = YES;
				CLANG_WARN_SUSPICIOUS_MOVE = YES;
				CLANG_WARN_UNGUARDED_AVAILABILITY = YES_AGGRESSIVE;
				CLANG_WARN_UNREACHABLE_CODE = YES;
				CLANG_WARN__DUPLICATE_METHOD_MATCH = YES;
				CODE_SIGN_IDENTITY = "iPhone Developer";
				COPY_PHASE_STRIP = NO;
				DEBUG_INFORMATION_FORMAT = "dwarf-with-dsym";
				ENABLE_NS_ASSERTIONS = NO;
				ENABLE_STRICT_OBJC_MSGSEND = YES;
				GCC_C_LANGUAGE_STANDARD = gnu11;
				GCC_NO_COMMON_BLOCKS = YES;
				GCC_WARN_64_TO_32_BIT_CONVERSION = YES;
				GCC_WARN_ABOUT_RETURN_TYPE = YES_ERROR;
				GCC_WARN_UNDECLARED_SELECTOR = YES;
				GCC_WARN_UNINITIALIZED_AUTOS = YES_AGGRESSIVE;
				GCC_WARN_UNUSED_FUNCTION = YES;
				GCC_WARN_UNUSED_VARIABLE = YES;
				IPHONEOS_DEPLOYMENT_TARGET = 11.0;
				MTL_ENABLE_DEBUG_INFO = NO;
				SDKROOT = iphoneos;
				VALIDATE_PRODUCT = YES;
			};
			name = Release;
		};
		632A25B21F8F731B00D51A5D /* Debug */ = {
			isa = XCBuildConfiguration;
			baseConfigurationReference = 0492F7D61B91E1EFB43DF891 /* Pods-RTCMeeting.debug.xcconfig */;
			buildSettings = {
				ASSETCATALOG_COMPILER_APPICON_NAME = AppIcon;
				ASSETCATALOG_COMPILER_LAUNCHIMAGE_NAME = LaunchImage;
				CODE_SIGN_IDENTITY = "iPhone Distribution";
				"CODE_SIGN_IDENTITY[sdk=iphoneos*]" = "iPhone Developer";
				CODE_SIGN_STYLE = Automatic;
				DEVELOPMENT_TEAM = 5543CP4MRT;
				ENABLE_BITCODE = NO;
				FRAMEWORK_SEARCH_PATHS = (
					"$(inherited)",
					"$(PROJECT_DIR)/RTCMeeting",
				);
				GCC_PREFIX_HEADER = "$(SRCROOT)/$(PROJECT_NAME)/RTCMeeting.pch";
				INFOPLIST_FILE = RTCMeeting/Info.plist;
				IPHONEOS_DEPLOYMENT_TARGET = 9.0;
				LD_RUNPATH_SEARCH_PATHS = "$(inherited) @executable_path/Frameworks";
				PRODUCT_BUNDLE_IDENTIFIER = "-.RTCMeeting";
				PRODUCT_NAME = "$(TARGET_NAME)";
				PROVISIONING_PROFILE = "";
				PROVISIONING_PROFILE_SPECIFIER = "";
				TARGETED_DEVICE_FAMILY = "1,2";
			};
			name = Debug;
		};
		632A25B31F8F731B00D51A5D /* Release */ = {
			isa = XCBuildConfiguration;
			baseConfigurationReference = 43735C0D06248A0DAD498556 /* Pods-RTCMeeting.release.xcconfig */;
			buildSettings = {
				ASSETCATALOG_COMPILER_APPICON_NAME = AppIcon;
				ASSETCATALOG_COMPILER_LAUNCHIMAGE_NAME = LaunchImage;
				CODE_SIGN_IDENTITY = "iPhone Distribution";
				"CODE_SIGN_IDENTITY[sdk=iphoneos*]" = "iPhone Developer";
				CODE_SIGN_STYLE = Automatic;
				DEVELOPMENT_TEAM = 5543CP4MRT;
				ENABLE_BITCODE = NO;
				FRAMEWORK_SEARCH_PATHS = (
					"$(inherited)",
					"$(PROJECT_DIR)/RTCMeeting",
				);
				GCC_PREFIX_HEADER = "$(SRCROOT)/$(PROJECT_NAME)/RTCMeeting.pch";
				INFOPLIST_FILE = RTCMeeting/Info.plist;
				IPHONEOS_DEPLOYMENT_TARGET = 9.0;
				LD_RUNPATH_SEARCH_PATHS = "$(inherited) @executable_path/Frameworks";
				PRODUCT_BUNDLE_IDENTIFIER = "-.RTCMeeting";
				PRODUCT_NAME = "$(TARGET_NAME)";
				PROVISIONING_PROFILE = "";
				PROVISIONING_PROFILE_SPECIFIER = "";
				TARGETED_DEVICE_FAMILY = "1,2";
			};
			name = Release;
		};
		632A25B51F8F731B00D51A5D /* Debug */ = {
			isa = XCBuildConfiguration;
			buildSettings = {
				BUNDLE_LOADER = "$(TEST_HOST)";
				CODE_SIGN_STYLE = Automatic;
				INFOPLIST_FILE = RTCMeetingTests/Info.plist;
				LD_RUNPATH_SEARCH_PATHS = "$(inherited) @executable_path/Frameworks @loader_path/Frameworks";
				PRODUCT_BUNDLE_IDENTIFIER = "-.RTCMeetingTests";
				PRODUCT_NAME = "$(TARGET_NAME)";
				TARGETED_DEVICE_FAMILY = "1,2";
				TEST_HOST = "$(BUILT_PRODUCTS_DIR)/RTCMeeting.app/RTCMeeting";
			};
			name = Debug;
		};
		632A25B61F8F731B00D51A5D /* Release */ = {
			isa = XCBuildConfiguration;
			buildSettings = {
				BUNDLE_LOADER = "$(TEST_HOST)";
				CODE_SIGN_STYLE = Automatic;
				INFOPLIST_FILE = RTCMeetingTests/Info.plist;
				LD_RUNPATH_SEARCH_PATHS = "$(inherited) @executable_path/Frameworks @loader_path/Frameworks";
				PRODUCT_BUNDLE_IDENTIFIER = "-.RTCMeetingTests";
				PRODUCT_NAME = "$(TARGET_NAME)";
				TARGETED_DEVICE_FAMILY = "1,2";
				TEST_HOST = "$(BUILT_PRODUCTS_DIR)/RTCMeeting.app/RTCMeeting";
			};
			name = Release;
		};
		632A25B81F8F731B00D51A5D /* Debug */ = {
			isa = XCBuildConfiguration;
			buildSettings = {
				CODE_SIGN_STYLE = Automatic;
				INFOPLIST_FILE = RTCMeetingUITests/Info.plist;
				LD_RUNPATH_SEARCH_PATHS = "$(inherited) @executable_path/Frameworks @loader_path/Frameworks";
				PRODUCT_BUNDLE_IDENTIFIER = "-.RTCMeetingUITests";
				PRODUCT_NAME = "$(TARGET_NAME)";
				TARGETED_DEVICE_FAMILY = "1,2";
				TEST_TARGET_NAME = RTCMeeting;
			};
			name = Debug;
		};
		632A25B91F8F731B00D51A5D /* Release */ = {
			isa = XCBuildConfiguration;
			buildSettings = {
				CODE_SIGN_STYLE = Automatic;
				INFOPLIST_FILE = RTCMeetingUITests/Info.plist;
				LD_RUNPATH_SEARCH_PATHS = "$(inherited) @executable_path/Frameworks @loader_path/Frameworks";
				PRODUCT_BUNDLE_IDENTIFIER = "-.RTCMeetingUITests";
				PRODUCT_NAME = "$(TARGET_NAME)";
				TARGETED_DEVICE_FAMILY = "1,2";
				TEST_TARGET_NAME = RTCMeeting;
			};
			name = Release;
		};
/* End XCBuildConfiguration section */

/* Begin XCConfigurationList section */
		632A25801F8F731B00D51A5D /* Build configuration list for PBXProject "RTCMeeting" */ = {
			isa = XCConfigurationList;
			buildConfigurations = (
				632A25AF1F8F731B00D51A5D /* Debug */,
				632A25B01F8F731B00D51A5D /* Release */,
			);
			defaultConfigurationIsVisible = 0;
			defaultConfigurationName = Release;
		};
		632A25B11F8F731B00D51A5D /* Build configuration list for PBXNativeTarget "RTCMeeting" */ = {
			isa = XCConfigurationList;
			buildConfigurations = (
				632A25B21F8F731B00D51A5D /* Debug */,
				632A25B31F8F731B00D51A5D /* Release */,
			);
			defaultConfigurationIsVisible = 0;
			defaultConfigurationName = Release;
		};
		632A25B41F8F731B00D51A5D /* Build configuration list for PBXNativeTarget "RTCMeetingTests" */ = {
			isa = XCConfigurationList;
			buildConfigurations = (
				632A25B51F8F731B00D51A5D /* Debug */,
				632A25B61F8F731B00D51A5D /* Release */,
			);
			defaultConfigurationIsVisible = 0;
			defaultConfigurationName = Release;
		};
		632A25B71F8F731B00D51A5D /* Build configuration list for PBXNativeTarget "RTCMeetingUITests" */ = {
			isa = XCConfigurationList;
			buildConfigurations = (
				632A25B81F8F731B00D51A5D /* Debug */,
				632A25B91F8F731B00D51A5D /* Release */,
			);
			defaultConfigurationIsVisible = 0;
			defaultConfigurationName = Release;
		};
/* End XCConfigurationList section */
	};
	rootObject = 632A257D1F8F731B00D51A5D /* Project object */;
}
